// !$*UTF8*$!
{
	archiveVersion = 1;
	classes = {
	};
	objectVersion = 48;
	objects = {

/* Begin PBXBuildFile section */
		651A47B8204227E70013A1BB /* AppDelegate.swift in Sources */ = {isa = PBXBuildFile; fileRef = 651A47B7204227E70013A1BB /* AppDelegate.swift */; };
		651A47BA204227E70013A1BB /* MealViewController.swift in Sources */ = {isa = PBXBuildFile; fileRef = 651A47B9204227E70013A1BB /* MealViewController.swift */; };
		651A47BD204227E70013A1BB /* Main.storyboard in Resources */ = {isa = PBXBuildFile; fileRef = 651A47BB204227E70013A1BB /* Main.storyboard */; };
		651A47BF204227E70013A1BB /* Assets.xcassets in Resources */ = {isa = PBXBuildFile; fileRef = 651A47BE204227E70013A1BB /* Assets.xcassets */; };
		651A47C2204227E70013A1BB /* LaunchScreen.storyboard in Resources */ = {isa = PBXBuildFile; fileRef = 651A47C0204227E70013A1BB /* LaunchScreen.storyboard */; };
		651A47CD204227E70013A1BB /* FoodTrackerTests.swift in Sources */ = {isa = PBXBuildFile; fileRef = 651A47CC204227E70013A1BB /* FoodTrackerTests.swift */; };
		651A47D82044F3E80013A1BB /* RatingControl.swift in Sources */ = {isa = PBXBuildFile; fileRef = 651A47D72044F3E80013A1BB /* RatingControl.swift */; };
		651A47DA2045B54E0013A1BB /* Meal.swift in Sources */ = {isa = PBXBuildFile; fileRef = 651A47D92045B54E0013A1BB /* Meal.swift */; };
		651A47DC2045EB800013A1BB /* MealTableViewCell.swift in Sources */ = {isa = PBXBuildFile; fileRef = 651A47DB2045EB800013A1BB /* MealTableViewCell.swift */; };
		651A47DE204859DA0013A1BB /* MealTableViewController.swift in Sources */ = {isa = PBXBuildFile; fileRef = 651A47DD204859DA0013A1BB /* MealTableViewController.swift */; };
/* End PBXBuildFile section */

/* Begin PBXContainerItemProxy section */
		651A47C9204227E70013A1BB /* PBXContainerItemProxy */ = {
			isa = PBXContainerItemProxy;
			containerPortal = 651A47AC204227E70013A1BB /* Project object */;
			proxyType = 1;
			remoteGlobalIDString = 651A47B3204227E70013A1BB;
			remoteInfo = FoodTracker;
		};
/* End PBXContainerItemProxy section */

/* Begin PBXFileReference section */
		651A47B4204227E70013A1BB /* FoodTracker.app */ = {isa = PBXFileReference; explicitFileType = wrapper.application; includeInIndex = 0; path = FoodTracker.app; sourceTree = BUILT_PRODUCTS_DIR; };
		651A47B7204227E70013A1BB /* AppDelegate.swift */ = {isa = PBXFileReference; lastKnownFileType = sourcecode.swift; path = AppDelegate.swift; sourceTree = "<group>"; };
		651A47B9204227E70013A1BB /* MealViewController.swift */ = {isa = PBXFileReference; lastKnownFileType = sourcecode.swift; path = MealViewController.swift; sourceTree = "<group>"; };
		651A47BC204227E70013A1BB /* Base */ = {isa = PBXFileReference; lastKnownFileType = file.storyboard; name = Base; path = Base.lproj/Main.storyboard; sourceTree = "<group>"; };
		651A47BE204227E70013A1BB /* Assets.xcassets */ = {isa = PBXFileReference; lastKnownFileType = folder.assetcatalog; path = Assets.xcassets; sourceTree = "<group>"; };
		651A47C1204227E70013A1BB /* Base */ = {isa = PBXFileReference; lastKnownFileType = file.storyboard; name = Base; path = Base.lproj/LaunchScreen.storyboard; sourceTree = "<group>"; };
		651A47C3204227E70013A1BB /* Info.plist */ = {isa = PBXFileReference; lastKnownFileType = text.plist.xml; path = Info.plist; sourceTree = "<group>"; };
		651A47C8204227E70013A1BB /* FoodTrackerTests.xctest */ = {isa = PBXFileReference; explicitFileType = wrapper.cfbundle; includeInIndex = 0; path = FoodTrackerTests.xctest; sourceTree = BUILT_PRODUCTS_DIR; };
		651A47CC204227E70013A1BB /* FoodTrackerTests.swift */ = {isa = PBXFileReference; lastKnownFileType = sourcecode.swift; path = FoodTrackerTests.swift; sourceTree = "<group>"; };
		651A47CE204227E70013A1BB /* Info.plist */ = {isa = PBXFileReference; lastKnownFileType = text.plist.xml; path = Info.plist; sourceTree = "<group>"; };
		651A47D72044F3E80013A1BB /* RatingControl.swift */ = {isa = PBXFileReference; lastKnownFileType = sourcecode.swift; path = RatingControl.swift; sourceTree = "<group>"; };
		651A47D92045B54E0013A1BB /* Meal.swift */ = {isa = PBXFileReference; lastKnownFileType = sourcecode.swift; path = Meal.swift; sourceTree = "<group>"; };
		651A47DB2045EB800013A1BB /* MealTableViewCell.swift */ = {isa = PBXFileReference; lastKnownFileType = sourcecode.swift; path = MealTableViewCell.swift; sourceTree = "<group>"; };
		651A47DD204859DA0013A1BB /* MealTableViewController.swift */ = {isa = PBXFileReference; lastKnownFileType = sourcecode.swift; path = MealTableViewController.swift; sourceTree = "<group>"; };
/* End PBXFileReference section */

/* Begin PBXFrameworksBuildPhase section */
		651A47B1204227E70013A1BB /* Frameworks */ = {
			isa = PBXFrameworksBuildPhase;
			buildActionMask = 2147483647;
			files = (
			);
			runOnlyForDeploymentPostprocessing = 0;
		};
		651A47C5204227E70013A1BB /* Frameworks */ = {
			isa = PBXFrameworksBuildPhase;
			buildActionMask = 2147483647;
			files = (
			);
			runOnlyForDeploymentPostprocessing = 0;
		};
/* End PBXFrameworksBuildPhase section */

/* Begin PBXGroup section */
		651A47AB204227E70013A1BB = {
			isa = PBXGroup;
			children = (
				651A47B6204227E70013A1BB /* FoodTracker */,
				651A47CB204227E70013A1BB /* FoodTrackerTests */,
				651A47B5204227E70013A1BB /* Products */,
			);
			sourceTree = "<group>";
		};
		651A47B5204227E70013A1BB /* Products */ = {
			isa = PBXGroup;
			children = (
				651A47B4204227E70013A1BB /* FoodTracker.app */,
				651A47C8204227E70013A1BB /* FoodTrackerTests.xctest */,
			);
			name = Products;
			sourceTree = "<group>";
		};
		651A47B6204227E70013A1BB /* FoodTracker */ = {
			isa = PBXGroup;
			children = (
				651A47B7204227E70013A1BB /* AppDelegate.swift */,
				651A47B9204227E70013A1BB /* MealViewController.swift */,
				651A47D72044F3E80013A1BB /* RatingControl.swift */,
				651A47D92045B54E0013A1BB /* Meal.swift */,
				651A47DB2045EB800013A1BB /* MealTableViewCell.swift */,
				651A47DD204859DA0013A1BB /* MealTableViewController.swift */,
				651A47BB204227E70013A1BB /* Main.storyboard */,
				651A47BE204227E70013A1BB /* Assets.xcassets */,
				651A47C0204227E70013A1BB /* LaunchScreen.storyboard */,
				651A47C3204227E70013A1BB /* Info.plist */,
			);
			path = FoodTracker;
			sourceTree = "<group>";
		};
		651A47CB204227E70013A1BB /* FoodTrackerTests */ = {
			isa = PBXGroup;
			children = (
				651A47CC204227E70013A1BB /* FoodTrackerTests.swift */,
				651A47CE204227E70013A1BB /* Info.plist */,
			);
			path = FoodTrackerTests;
			sourceTree = "<group>";
		};
/* End PBXGroup section */

/* Begin PBXNativeTarget section */
		651A47B3204227E70013A1BB /* FoodTracker */ = {
			isa = PBXNativeTarget;
			buildConfigurationList = 651A47D1204227E70013A1BB /* Build configuration list for PBXNativeTarget "FoodTracker" */;
			buildPhases = (
				651A47B0204227E70013A1BB /* Sources */,
				651A47B1204227E70013A1BB /* Frameworks */,
				651A47B2204227E70013A1BB /* Resources */,
			);
			buildRules = (
			);
			dependencies = (
			);
			name = FoodTracker;
			productName = FoodTracker;
			productReference = 651A47B4204227E70013A1BB /* FoodTracker.app */;
			productType = "com.apple.product-type.application";
		};
		651A47C7204227E70013A1BB /* FoodTrackerTests */ = {
			isa = PBXNativeTarget;
			buildConfigurationList = 651A47D4204227E70013A1BB /* Build configuration list for PBXNativeTarget "FoodTrackerTests" */;
			buildPhases = (
				651A47C4204227E70013A1BB /* Sources */,
				651A47C5204227E70013A1BB /* Frameworks */,
				651A47C6204227E70013A1BB /* Resources */,
			);
			buildRules = (
			);
			dependencies = (
				651A47CA204227E70013A1BB /* PBXTargetDependency */,
			);
			name = FoodTrackerTests;
			productName = FoodTrackerTests;
			productReference = 651A47C8204227E70013A1BB /* FoodTrackerTests.xctest */;
			productType = "com.apple.product-type.bundle.unit-test";
		};
/* End PBXNativeTarget section */

/* Begin PBXProject section */
		651A47AC204227E70013A1BB /* Project object */ = {
			isa = PBXProject;
			attributes = {
				LastSwiftUpdateCheck = 0920;
				LastUpgradeCheck = 0920;
				ORGANIZATIONNAME = "Daniel Avery";
				TargetAttributes = {
					651A47B3204227E70013A1BB = {
						CreatedOnToolsVersion = 9.2;
						ProvisioningStyle = Automatic;
					};
					651A47C7204227E70013A1BB = {
						CreatedOnToolsVersion = 9.2;
						ProvisioningStyle = Automatic;
						TestTargetID = 651A47B3204227E70013A1BB;
					};
				};
			};
			buildConfigurationList = 651A47AF204227E70013A1BB /* Build configuration list for PBXProject "FoodTracker" */;
			compatibilityVersion = "Xcode 8.0";
			developmentRegion = en;
			hasScannedForEncodings = 0;
			knownRegions = (
				en,
				Base,
			);
			mainGroup = 651A47AB204227E70013A1BB;
			productRefGroup = 651A47B5204227E70013A1BB /* Products */;
			projectDirPath = "";
			projectRoot = "";
			targets = (
				651A47B3204227E70013A1BB /* FoodTracker */,
				651A47C7204227E70013A1BB /* FoodTrackerTests */,
			);
		};
/* End PBXProject section */

/* Begin PBXResourcesBuildPhase section */
		651A47B2204227E70013A1BB /* Resources */ = {
			isa = PBXResourcesBuildPhase;
			buildActionMask = 2147483647;
			files = (
				651A47C2204227E70013A1BB /* LaunchScreen.storyboard in Resources */,
				651A47BF204227E70013A1BB /* Assets.xcassets in Resources */,
				651A47BD204227E70013A1BB /* Main.storyboard in Resources */,
			);
			runOnlyForDeploymentPostprocessing = 0;
		};
		651A47C6204227E70013A1BB /* Resources */ = {
			isa = PBXResourcesBuildPhase;
			buildActionMask = 2147483647;
			files = (
			);
			runOnlyForDeploymentPostprocessing = 0;
		};
/* End PBXResourcesBuildPhase section */

/* Begin PBXSourcesBuildPhase section */
		651A47B0204227E70013A1BB /* Sources */ = {
			isa = PBXSourcesBuildPhase;
			buildActionMask = 2147483647;
			files = (
				651A47DA2045B54E0013A1BB /* Meal.swift in Sources */,
				651A47BA204227E70013A1BB /* MealViewController.swift in Sources */,
				651A47D82044F3E80013A1BB /* RatingControl.swift in Sources */,
				651A47B8204227E70013A1BB /* AppDelegate.swift in Sources */,
				651A47DE204859DA0013A1BB /* MealTableViewController.swift in Sources */,
				651A47DC2045EB800013A1BB /* MealTableViewCell.swift in Sources */,
			);
			runOnlyForDeploymentPostprocessing = 0;
		};
		651A47C4204227E70013A1BB /* Sources */ = {
			isa = PBXSourcesBuildPhase;
			buildActionMask = 2147483647;
			files = (
				651A47CD204227E70013A1BB /* FoodTrackerTests.swift in Sources */,
			);
			runOnlyForDeploymentPostprocessing = 0;
		};
/* End PBXSourcesBuildPhase section */

/* Begin PBXTargetDependency section */
		651A47CA204227E70013A1BB /* PBXTargetDependency */ = {
			isa = PBXTargetDependency;
			target = 651A47B3204227E70013A1BB /* FoodTracker */;
			targetProxy = 651A47C9204227E70013A1BB /* PBXContainerItemProxy */;
		};
/* End PBXTargetDependency section */

/* Begin PBXVariantGroup section */
		651A47BB204227E70013A1BB /* Main.storyboard */ = {
			isa = PBXVariantGroup;
			children = (
				651A47BC204227E70013A1BB /* Base */,
			);
			name = Main.storyboard;
			sourceTree = "<group>";
		};
		651A47C0204227E70013A1BB /* LaunchScreen.storyboard */ = {
			isa = PBXVariantGroup;
			children = (
				651A47C1204227E70013A1BB /* Base */,
			);
			name = LaunchScreen.storyboard;
			sourceTree = "<group>";
		};
/* End PBXVariantGroup section */

/* Begin XCBuildConfiguration section */
		651A47CF204227E70013A1BB /* Debug */ = {
			isa = XCBuildConfiguration;
			buildSettings = {
				ALWAYS_SEARCH_USER_PATHS = NO;
				CLANG_ANALYZER_NONNULL = YES;
				CLANG_ANALYZER_NUMBER_OBJECT_CONVERSION = YES_AGGRESSIVE;
				CLANG_CXX_LANGUAGE_STANDARD = "gnu++14";
				CLANG_CXX_LIBRARY = "libc++";
				CLANG_ENABLE_MODULES = YES;
				CLANG_ENABLE_OBJC_ARC = YES;
				CLANG_WARN_BLOCK_CAPTURE_AUTORELEASING = YES;
				CLANG_WARN_BOOL_CONVERSION = YES;
				CLANG_WARN_COMMA = YES;
				CLANG_WARN_CONSTANT_CONVERSION = YES;
				CLANG_WARN_DIRECT_OBJC_ISA_USAGE = YES_ERROR;
				CLANG_WARN_DOCUMENTATION_COMMENTS = YES;
				CLANG_WARN_EMPTY_BODY = YES;
				CLANG_WARN_ENUM_CONVERSION = YES;
				CLANG_WARN_INFINITE_RECURSION = YES;
				CLANG_WARN_INT_CONVERSION = YES;
				CLANG_WARN_NON_LITERAL_NULL_CONVERSION = YES;
				CLANG_WARN_OBJC_LITERAL_CONVERSION = YES;
				CLANG_WARN_OBJC_ROOT_CLASS = YES_ERROR;
				CLANG_WARN_RANGE_LOOP_ANALYSIS = YES;
				CLANG_WARN_STRICT_PROTOTYPES = YES;
				CLANG_WARN_SUSPICIOUS_MOVE = YES;
				CLANG_WARN_UNGUARDED_AVAILABILITY = YES_AGGRESSIVE;
				CLANG_WARN_UNREACHABLE_CODE = YES;
				CLANG_WARN__DUPLICATE_METHOD_MATCH = YES;
				CODE_SIGN_IDENTITY = "iPhone Developer";
				COPY_PHASE_STRIP = NO;
				DEBUG_INFORMATION_FORMAT = dwarf;
				ENABLE_STRICT_OBJC_MSGSEND = YES;
				ENABLE_TESTABILITY = YES;
				GCC_C_LANGUAGE_STANDARD = gnu11;
				GCC_DYNAMIC_NO_PIC = NO;
				GCC_NO_COMMON_BLOCKS = YES;
				GCC_OPTIMIZATION_LEVEL = 0;
				GCC_PREPROCESSOR_DEFINITIONS = (
					"DEBUG=1",
					"$(inherited)",
				);
				GCC_WARN_64_TO_32_BIT_CONVERSION = YES;
				GCC_WARN_ABOUT_RETURN_TYPE = YES_ERROR;
				GCC_WARN_UNDECLARED_SELECTOR = YES;
				GCC_WARN_UNINITIALIZED_AUTOS = YES_AGGRESSIVE;
				GCC_WARN_UNUSED_FUNCTION = YES;
				GCC_WARN_UNUSED_VARIABLE = YES;
				IPHONEOS_DEPLOYMENT_TARGET = 11.2;
				MTL_ENABLE_DEBUG_INFO = YES;
				ONLY_ACTIVE_ARCH = YES;
				SDKROOT = iphoneos;
				SWIFT_ACTIVE_COMPILATION_CONDITIONS = DEBUG;
				SWIFT_OPTIMIZATION_LEVEL = "-Onone";
			};
			name = Debug;
		};
		651A47D0204227E70013A1BB /* Release */ = {
			isa = XCBuildConfiguration;
			buildSettings = {
				ALWAYS_SEARCH_USER_PATHS = NO;
				CLANG_ANALYZER_NONNULL = YES;
				CLANG_ANALYZER_NUMBER_OBJECT_CONVERSION = YES_AGGRESSIVE;
				CLANG_CXX_LANGUAGE_STANDARD = "gnu++14";
				CLANG_CXX_LIBRARY = "libc++";
				CLANG_ENABLE_MODULES = YES;
				CLANG_ENABLE_OBJC_ARC = YES;
				CLANG_WARN_BLOCK_CAPTURE_AUTORELEASING = YES;
				CLANG_WARN_BOOL_CONVERSION = YES;
				CLANG_WARN_COMMA = YES;
				CLANG_WARN_CONSTANT_CONVERSION = YES;
				CLANG_WARN_DIRECT_OBJC_ISA_USAGE = YES_ERROR;
				CLANG_WARN_DOCUMENTATION_COMMENTS = YES;
				CLANG_WARN_EMPTY_BODY = YES;
				CLANG_WARN_ENUM_CONVERSION = YES;
				CLANG_WARN_INFINITE_RECURSION = YES;
				CLANG_WARN_INT_CONVERSION = YES;
				CLANG_WARN_NON_LITERAL_NULL_CONVERSION = YES;
				CLANG_WARN_OBJC_LITERAL_CONVERSION = YES;
				CLANG_WARN_OBJC_ROOT_CLASS = YES_ERROR;
				CLANG_WARN_RANGE_LOOP_ANALYSIS = YES;
				CLANG_WARN_STRICT_PROTOTYPES = YES;
				CLANG_WARN_SUSPICIOUS_MOVE = YES;
				CLANG_WARN_UNGUARDED_AVAILABILITY = YES_AGGRESSIVE;
				CLANG_WARN_UNREACHABLE_CODE = YES;
				CLANG_WARN__DUPLICATE_METHOD_MATCH = YES;
				CODE_SIGN_IDENTITY = "iPhone Developer";
				COPY_PHASE_STRIP = NO;
				DEBUG_INFORMATION_FORMAT = "dwarf-with-dsym";
				ENABLE_NS_ASSERTIONS = NO;
				ENABLE_STRICT_OBJC_MSGSEND = YES;
				GCC_C_LANGUAGE_STANDARD = gnu11;
				GCC_NO_COMMON_BLOCKS = YES;
				GCC_WARN_64_TO_32_BIT_CONVERSION = YES;
				GCC_WARN_ABOUT_RETURN_TYPE = YES_ERROR;
				GCC_WARN_UNDECLARED_SELECTOR = YES;
				GCC_WARN_UNINITIALIZED_AUTOS = YES_AGGRESSIVE;
				GCC_WARN_UNUSED_FUNCTION = YES;
				GCC_WARN_UNUSED_VARIABLE = YES;
				IPHONEOS_DEPLOYMENT_TARGET = 11.2;
				MTL_ENABLE_DEBUG_INFO = NO;
				SDKROOT = iphoneos;
				SWIFT_OPTIMIZATION_LEVEL = "-Owholemodule";
				VALIDATE_PRODUCT = YES;
			};
			name = Release;
		};
		651A47D2204227E70013A1BB /* Debug */ = {
			isa = XCBuildConfiguration;
			buildSettings = {
				ASSETCATALOG_COMPILER_APPICON_NAME = AppIcon;
				CODE_SIGN_STYLE = Automatic;
				DEVELOPMENT_TEAM = VGA7DXMA94;
				INFOPLIST_FILE = FoodTracker/Info.plist;
				IPHONEOS_DEPLOYMENT_TARGET = 10.3;
				LD_RUNPATH_SEARCH_PATHS = "$(inherited) @executable_path/Frameworks";
				PRODUCT_BUNDLE_IDENTIFIER = com.danieljavery.FoodTracker;
				PRODUCT_NAME = "$(TARGET_NAME)";
				SWIFT_VERSION = 4.0;
				TARGETED_DEVICE_FAMILY = "1,2";
			};
			name = Debug;
		};
		651A47D3204227E70013A1BB /* Release */ = {
			isa = XCBuildConfiguration;
			buildSettings = {
				ASSETCATALOG_COMPILER_APPICON_NAME = AppIcon;
				CODE_SIGN_STYLE = Automatic;
				DEVELOPMENT_TEAM = VGA7DXMA94;
				INFOPLIST_FILE = FoodTracker/Info.plist;
				IPHONEOS_DEPLOYMENT_TARGET = 10.3;
				LD_RUNPATH_SEARCH_PATHS = "$(inherited) @executable_path/Frameworks";
				PRODUCT_BUNDLE_IDENTIFIER = com.danieljavery.FoodTracker;
				PRODUCT_NAME = "$(TARGET_NAME)";
				SWIFT_VERSION = 4.0;
				TARGETED_DEVICE_FAMILY = "1,2";
			};
			name = Release;
		};
		651A47D5204227E70013A1BB /* Debug */ = {
			isa = XCBuildConfiguration;
			buildSettings = {
				ALWAYS_EMBED_SWIFT_STANDARD_LIBRARIES = YES;
				BUNDLE_LOADER = "$(TEST_HOST)";
				CODE_SIGN_STYLE = Automatic;
				INFOPLIST_FILE = FoodTrackerTests/Info.plist;
				LD_RUNPATH_SEARCH_PATHS = "$(inherited) @executable_path/Frameworks @loader_path/Frameworks";
				PRODUCT_BUNDLE_IDENTIFIER = com.example.FoodTrackerTests;
				PRODUCT_NAME = "$(TARGET_NAME)";
				SWIFT_VERSION = 4.0;
				TARGETED_DEVICE_FAMILY = "1,2";
				TEST_HOST = "$(BUILT_PRODUCTS_DIR)/FoodTracker.app/FoodTracker";
			};
			name = Debug;
		};
		651A47D6204227E70013A1BB /* Release */ = {
			isa = XCBuildConfiguration;
			buildSettings = {
				ALWAYS_EMBED_SWIFT_STANDARD_LIBRARIES = YES;
				BUNDLE_LOADER = "$(TEST_HOST)";
				CODE_SIGN_STYLE = Automatic;
				INFOPLIST_FILE = FoodTrackerTests/Info.plist;
				LD_RUNPATH_SEARCH_PATHS = "$(inherited) @executable_path/Frameworks @loader_path/Frameworks";
				PRODUCT_BUNDLE_IDENTIFIER = com.example.FoodTrackerTests;
				PRODUCT_NAME = "$(TARGET_NAME)";
				SWIFT_VERSION = 4.0;
				TARGETED_DEVICE_FAMILY = "1,2";
				TEST_HOST = "$(BUILT_PRODUCTS_DIR)/FoodTracker.app/FoodTracker";
			};
			name = Release;
		};
/* End XCBuildConfiguration section */

/* Begin XCConfigurationList section */
		651A47AF204227E70013A1BB /* Build configuration list for PBXProject "FoodTracker" */ = {
			isa = XCConfigurationList;
			buildConfigurations = (
				651A47CF204227E70013A1BB /* Debug */,
				651A47D0204227E70013A1BB /* Release */,
			);
			defaultConfigurationIsVisible = 0;
			defaultConfigurationName = Release;
		};
		651A47D1204227E70013A1BB /* Build configuration list for PBXNativeTarget "FoodTracker" */ = {
			isa = XCConfigurationList;
			buildConfigurations = (
				651A47D2204227E70013A1BB /* Debug */,
				651A47D3204227E70013A1BB /* Release */,
			);
			defaultConfigurationIsVisible = 0;
			defaultConfigurationName = Release;
		};
		651A47D4204227E70013A1BB /* Build configuration list for PBXNativeTarget "FoodTrackerTests" */ = {
			isa = XCConfigurationList;
			buildConfigurations = (
				651A47D5204227E70013A1BB /* Debug */,
				651A47D6204227E70013A1BB /* Release */,
			);
			defaultConfigurationIsVisible = 0;
			defaultConfigurationName = Release;
		};
/* End XCConfigurationList section */
	};
	rootObject = 651A47AC204227E70013A1BB /* Project object */;
}
